
Microsoft Visual Studio Solution File, Format Version 12.00
# Visual Studio Version 17
VisualStudioVersion = 17.0.31903.59
MinimumVisualStudioVersion = 10.0.40219.1
Project("{FAE04EC0-301F-11D3-BF4B-00C04F79EFBC}") = "PaddleTournament.WebApi", "PaddleTournament.WebApi\PaddleTournament.WebApi.csproj", "{D508C58E-8F0C-43EE-B069-CE3E8C32F456}"
EndProject
Project("{FAE04EC0-301F-11D3-BF4B-00C04F79EFBC}") = "PaddleTournament.BLL", "PaddleTournament.BLL\PaddleTournament.BLL.csproj", "{B74CD59E-1344-4F43-BC34-D74F0B4EAE54}"
EndProject
Project("{FAE04EC0-301F-11D3-BF4B-00C04F79EFBC}") = "PaddleTournament.DAL", "PaddleTournament.DAL\PaddleTournament.DAL.csproj", "{4685FD98-6061-45A9-AB17-E30AB0EDDBC1}"
EndProject
Project("{FAE04EC0-301F-11D3-BF4B-00C04F79EFBC}") = "PaddleTournament.DL", "PaddleTournament.DL\PaddleTournament.DL.csproj", "{EE562671-D043-4B14-A6E3-02743C536F8A}"
EndProject
Global
	GlobalSection(SolutionConfigurationPlatforms) = preSolution
		Debug|Any CPU = Debug|Any CPU
		Debug|x64 = Debug|x64
		Debug|x86 = Debug|x86
		Release|Any CPU = Release|Any CPU
		Release|x64 = Release|x64
		Release|x86 = Release|x86
	EndGlobalSection
	GlobalSection(ProjectConfigurationPlatforms) = postSolution
		{D508C58E-8F0C-43EE-B069-CE3E8C32F456}.Debug|Any CPU.ActiveCfg = Debug|Any CPU
		{D508C58E-8F0C-43EE-B069-CE3E8C32F456}.Debug|Any CPU.Build.0 = Debug|Any CPU
		{D508C58E-8F0C-43EE-B069-CE3E8C32F456}.Debug|x64.ActiveCfg = Debug|Any CPU
		{D508C58E-8F0C-43EE-B069-CE3E8C32F456}.Debug|x64.Build.0 = Debug|Any CPU
		{D508C58E-8F0C-43EE-B069-CE3E8C32F456}.Debug|x86.ActiveCfg = Debug|Any CPU
		{D508C58E-8F0C-43EE-B069-CE3E8C32F456}.Debug|x86.Build.0 = Debug|Any CPU
		{D508C58E-8F0C-43EE-B069-CE3E8C32F456}.Release|Any CPU.ActiveCfg = Release|Any CPU
		{D508C58E-8F0C-43EE-B069-CE3E8C32F456}.Release|Any CPU.Build.0 = Release|Any CPU
		{D508C58E-8F0C-43EE-B069-CE3E8C32F456}.Release|x64.ActiveCfg = Release|Any CPU
		{D508C58E-8F0C-43EE-B069-CE3E8C32F456}.Release|x64.Build.0 = Release|Any CPU
		{D508C58E-8F0C-43EE-B069-CE3E8C32F456}.Release|x86.ActiveCfg = Release|Any CPU
		{D508C58E-8F0C-43EE-B069-CE3E8C32F456}.Release|x86.Build.0 = Release|Any CPU
		{B74CD59E-1344-4F43-BC34-D74F0B4EAE54}.Debug|Any CPU.ActiveCfg = Debug|Any CPU
		{B74CD59E-1344-4F43-BC34-D74F0B4EAE54}.Debug|Any CPU.Build.0 = Debug|Any CPU
		{B74CD59E-1344-4F43-BC34-D74F0B4EAE54}.Debug|x64.ActiveCfg = Debug|Any CPU
		{B74CD59E-1344-4F43-BC34-D74F0B4EAE54}.Debug|x64.Build.0 = Debug|Any CPU
		{B74CD59E-1344-4F43-BC34-D74F0B4EAE54}.Debug|x86.ActiveCfg = Debug|Any CPU
		{B74CD59E-1344-4F43-BC34-D74F0B4EAE54}.Debug|x86.Build.0 = Debug|Any CPU
		{B74CD59E-1344-4F43-BC34-D74F0B4EAE54}.Release|Any CPU.ActiveCfg = Release|Any CPU
		{B74CD59E-1344-4F43-BC34-D74F0B4EAE54}.Release|Any CPU.Build.0 = Release|Any CPU
		{B74CD59E-1344-4F43-BC34-D74F0B4EAE54}.Release|x64.ActiveCfg = Release|Any CPU
		{B74CD59E-1344-4F43-BC34-D74F0B4EAE54}.Release|x64.Build.0 = Release|Any CPU
		{B74CD59E-1344-4F43-BC34-D74F0B4EAE54}.Release|x86.ActiveCfg = Release|Any CPU
		{B74CD59E-1344-4F43-BC34-D74F0B4EAE54}.Release|x86.Build.0 = Release|Any CPU
		{4685FD98-6061-45A9-AB17-E30AB0EDDBC1}.Debug|Any CPU.ActiveCfg = Debug|Any CPU
		{4685FD98-6061-45A9-AB17-E30AB0EDDBC1}.Debug|Any CPU.Build.0 = Debug|Any CPU
		{4685FD98-6061-45A9-AB17-E30AB0EDDBC1}.Debug|x64.ActiveCfg = Debug|Any CPU
		{4685FD98-6061-45A9-AB17-E30AB0EDDBC1}.Debug|x64.Build.0 = Debug|Any CPU
		{4685FD98-6061-45A9-AB17-E30AB0EDDBC1}.Debug|x86.ActiveCfg = Debug|Any CPU
		{4685FD98-6061-45A9-AB17-E30AB0EDDBC1}.Debug|x86.Build.0 = Debug|Any CPU
		{4685FD98-6061-45A9-AB17-E30AB0EDDBC1}.Release|Any CPU.ActiveCfg = Release|Any CPU
		{4685FD98-6061-45A9-AB17-E30AB0EDDBC1}.Release|Any CPU.Build.0 = Release|Any CPU
		{4685FD98-6061-45A9-AB17-E30AB0EDDBC1}.Release|x64.ActiveCfg = Release|Any CPU
		{4685FD98-6061-45A9-AB17-E30AB0EDDBC1}.Release|x64.Build.0 = Release|Any CPU
		{4685FD98-6061-45A9-AB17-E30AB0EDDBC1}.Release|x86.ActiveCfg = Release|Any CPU
		{4685FD98-6061-45A9-AB17-E30AB0EDDBC1}.Release|x86.Build.0 = Release|Any CPU
		{EE562671-D043-4B14-A6E3-02743C536F8A}.Debug|Any CPU.ActiveCfg = Debug|Any CPU
		{EE562671-D043-4B14-A6E3-02743C536F8A}.Debug|Any CPU.Build.0 = Debug|Any CPU
		{EE562671-D043-4B14-A6E3-02743C536F8A}.Debug|x64.ActiveCfg = Debug|Any CPU
		{EE562671-D043-4B14-A6E3-02743C536F8A}.Debug|x64.Build.0 = Debug|Any CPU
		{EE562671-D043-4B14-A6E3-02743C536F8A}.Debug|x86.ActiveCfg = Debug|Any CPU
		{EE562671-D043-4B14-A6E3-02743C536F8A}.Debug|x86.Build.0 = Debug|Any CPU
		{EE562671-D043-4B14-A6E3-02743C536F8A}.Release|Any CPU.ActiveCfg = Release|Any CPU
		{EE562671-D043-4B14-A6E3-02743C536F8A}.Release|Any CPU.Build.0 = Release|Any CPU
		{EE562671-D043-4B14-A6E3-02743C536F8A}.Release|x64.ActiveCfg = Release|Any CPU
		{EE562671-D043-4B14-A6E3-02743C536F8A}.Release|x64.Build.0 = Release|Any CPU
		{EE562671-D043-4B14-A6E3-02743C536F8A}.Release|x86.ActiveCfg = Release|Any CPU
		{EE562671-D043-4B14-A6E3-02743C536F8A}.Release|x86.Build.0 = Release|Any CPU
	EndGlobalSection
	GlobalSection(SolutionProperties) = preSolution
		HideSolutionNode = FALSE
	EndGlobalSection
EndGlobal
